{
  "name": "helloworld",
  "version": "1.0.0",
  "lockfileVersion": 2,
  "requires": true,
  "packages": {
    "": {
      "name": "helloworld",
      "version": "1.0.0",
      "license": "ISC",
      "dependencies": {
        "geneticalgorithm": "^1.0.2",
        "js-levenshtein": "^1.1.6"
      }
    },
    "node_modules/geneticalgorithm": {
      "version": "1.0.2",
      "resolved": "https://registry.npmjs.org/geneticalgorithm/-/geneticalgorithm-1.0.2.tgz",
      "integrity": "sha512-p+CMQos1L4MCiW2zVqy3gxbpQiWxW1SCerDYoLelPaSU8TQs7QAaNEllEiHD708QgokU7IVprRcYhRRhYwJQFw=="
    },
    "node_modules/js-levenshtein": {
      "version": "1.1.6",
      "resolved": "https://registry.npmjs.org/js-levenshtein/-/js-levenshtein-1.1.6.tgz",
      "integrity": "sha512-X2BB11YZtrRqY4EnQcLX5Rh373zbK4alC1FW7D7MBhL2gtcC17cTnr6DmfHZeS0s2rTHjUTMMHfG7gO8SSdw+g==",
      "engines": {
        "node": ">=0.10.0"
      }
    }
  },
  "dependencies": {
    "geneticalgorithm": {
      "version": "1.0.2",
      "resolved": "https://registry.npmjs.org/geneticalgorithm/-/geneticalgorithm-1.0.2.tgz",
      "integrity": "sha512-p+CMQos1L4MCiW2zVqy3gxbpQiWxW1SCerDYoLelPaSU8TQs7QAaNEllEiHD708QgokU7IVprRcYhRRhYwJQFw=="
    },
    "js-levenshtein": {
      "version": "1.1.6",
      "resolved": "https://registry.npmjs.org/js-levenshtein/-/js-levenshtein-1.1.6.tgz",
      "integrity": "sha512-X2BB11YZtrRqY4EnQcLX5Rh373zbK4alC1FW7D7MBhL2gtcC17cTnr6DmfHZeS0s2rTHjUTMMHfG7gO8SSdw+g=="
    }
  }
}
